{
  "name": "messageformat-properties-loader",
  "version": "0.3.0",
  "lockfileVersion": 1,
  "requires": true,
  "dependencies": {
    "big.js": {
      "version": "5.2.2",
      "resolved": "https://registry.npmjs.org/big.js/-/big.js-5.2.2.tgz",
      "integrity": "sha512-vyL2OymJxmarO8gxMr0mhChsO9QGwhynfuu4+MHTAW6czfq9humCB7rKpUjDd9YUiDPU4mzpyupFSvOClAwbmQ=="
    },
    "dot-properties": {
      "version": "0.4.0",
      "resolved": "https://registry.npmjs.org/dot-properties/-/dot-properties-0.4.0.tgz",
      "integrity": "sha512-UcCM52KsESbyyWKK0dj0sotaz5ZlzXFufLhfwDRVH4MXppPPWKRvAZs4JlepOG3MK5JOO2rOMvRi2cdnZncomA=="
    },
    "emojis-list": {
      "version": "3.0.0",
      "resolved": "https://registry.npmjs.org/emojis-list/-/emojis-list-3.0.0.tgz",
      "integrity": "sha512-/kyM18EfinwXZbno9FyUGeFh87KC8HRQBQGildHZbEuRyWFOmv1U10o9BBp8XVZDVNNuQKyIGIu5ZYAAXJ0V2Q=="
    },
    "json5": {
      "version": "2.1.2",
      "resolved": "https://registry.npmjs.org/json5/-/json5-2.1.2.tgz",
      "integrity": "sha512-MoUOQ4WdiN3yxhm7NEVJSJrieAo5hNSLQ5sj05OTRHPL9HOBy8u4Bu88jsC1jvqAdN+E1bJmsUcZH+1HQxliqQ==",
      "requires": {
        "minimist": "^1.2.5"
      }
    },
    "loader-utils": {
      "version": "2.0.0",
      "resolved": "https://registry.npmjs.org/loader-utils/-/loader-utils-2.0.0.tgz",
      "integrity": "sha512-rP4F0h2RaWSvPEkD7BLDFQnvSf+nK+wr3ESUjNTyAGobqrijmW92zc+SO6d4p4B1wh7+B/Jg1mkQe5NYUEHtHQ==",
      "requires": {
        "big.js": "^5.2.2",
        "emojis-list": "^3.0.0",
        "json5": "^2.1.2"
      }
    },
    "make-plural": {
      "version": "6.1.0",
      "resolved": "https://registry.npmjs.org/make-plural/-/make-plural-6.1.0.tgz",
      "integrity": "sha512-0ekbPHqxcdRcmjZ43TkRuejK5rXgMF1OjG4FVnVHgCvOcjrexaSX7a0dfAvqhOm1qWPgjYnXtmz3cHpHW5ZewA==",
      "dev": true
    },
    "messageformat": {
      "version": "3.0.0-beta.1",
      "resolved": "https://registry.npmjs.org/messageformat/-/messageformat-3.0.0-beta.1.tgz",
      "integrity": "sha512-QXPnB/xftFWfs9zSg0mk55Zh6JbGPtvCc62mMlpg2gCRqP8NUcIOuVfCxzWtuU/3AkluivdRpTd+gxnMALuoaQ==",
      "dev": true,
      "requires": {
        "make-plural": "^6.0.0-beta.3",
        "messageformat-parser": "^4.1.2",
        "messageformat-runtime": "^3.0.0-beta.0",
        "safe-identifier": "^0.2.0"
      }
    },
    "messageformat-parser": {
      "version": "4.1.2",
      "resolved": "https://registry.npmjs.org/messageformat-parser/-/messageformat-parser-4.1.2.tgz",
      "integrity": "sha512-7dWuifeyldz7vhEuL96Kwq1fhZXBW+TUfbnHN4UCrCxoXQTYjHnR78eI66Gk9LaLLsAvzPNVJBaa66DRfFNaiA==",
      "dev": true
    },
    "messageformat-runtime": {
      "version": "3.0.0-beta.0",
      "resolved": "https://registry.npmjs.org/messageformat-runtime/-/messageformat-runtime-3.0.0-beta.0.tgz",
      "integrity": "sha512-EsdBnUUKX5XFoOhi65uU46UhrwEdsGlja012PGryiSC6kjcZTKx5kMlzMFI31FC+a3gIfGjE4VoAxSwEMNJ13Q==",
      "dev": true,
      "requires": {
        "make-plural": "^6.0.0-beta.3"
      }
    },
    "minimist": {
      "version": "1.2.5",
      "resolved": "https://registry.npmjs.org/minimist/-/minimist-1.2.5.tgz",
      "integrity": "sha512-FM9nNUYrRBAELZQT3xeZQ7fmMOBg6nWNmJKTcgsJeaLstP/UODVpGsr5OhXhhXg6f+qtJ8uiZ+PUxkDWcgIXLw=="
    },
    "safe-identifier": {
      "version": "0.2.0",
      "resolved": "https://registry.npmjs.org/safe-identifier/-/safe-identifier-0.2.0.tgz",
      "integrity": "sha512-mh2vfLJeZCvWzzhq43of651zEAVjpwoudVcexZw7sBqvpTRIEyjwIOOiPvZjOhHy806lnwbAiUo8dN4OJVl6qA==",
      "dev": true
    },
    "uv": {
      "version": "1.1.0",
      "resolved": "https://registry.npmjs.org/uv/-/uv-1.1.0.tgz",
      "integrity": "sha512-Z5DWcw4IXG/as+Gu00VSytXubrfLyFNgk41YNHI34DfmdqRIlDSS4WFyCYYFZkoHhHx1gaQUctV8BjJnQ5wALA=="
    }
  }
}
